
Microsoft Visual Studio Solution File, Format Version 12.00
# Visual Studio Version 16
VisualStudioVersion = 16.0.31605.320
MinimumVisualStudioVersion = 10.0.40219.1
Project("{FAE04EC0-301F-11D3-BF4B-00C04F79EFBC}") = "HRMS.API", "HRMS.API\HRMS.API.csproj", "{76058234-30F3-46F2-9772-D9B673798B77}"
EndProject
Project("{FAE04EC0-301F-11D3-BF4B-00C04F79EFBC}") = "HRMS.CLIENT", "HRMS.CLIENT\HRMS.CLIENT.csproj", "{880250BD-2907-48D4-A7F2-2685D73923E5}"
EndProject
Project("{FAE04EC0-301F-11D3-BF4B-00C04F79EFBC}") = "HRMS.DLL", "HRMS.DLL\HRMS.DLL.csproj", "{E0EEAEE2-7D80-4AA8-88E3-10B0809350D5}"
EndProject
Project("{FAE04EC0-301F-11D3-BF4B-00C04F79EFBC}") = "HRMS.MODEL", "HRMS.MODEL\HRMS.MODEL.csproj", "{29AC611B-EC54-4BDD-8864-31EE78CB545C}"
EndProject
Global
	GlobalSection(SolutionConfigurationPlatforms) = preSolution
		Debug|Any CPU = Debug|Any CPU
		Release|Any CPU = Release|Any CPU
	EndGlobalSection
	GlobalSection(ProjectConfigurationPlatforms) = postSolution
		{76058234-30F3-46F2-9772-D9B673798B77}.Debug|Any CPU.ActiveCfg = Debug|Any CPU
		{76058234-30F3-46F2-9772-D9B673798B77}.Debug|Any CPU.Build.0 = Debug|Any CPU
		{76058234-30F3-46F2-9772-D9B673798B77}.Release|Any CPU.ActiveCfg = Release|Any CPU
		{76058234-30F3-46F2-9772-D9B673798B77}.Release|Any CPU.Build.0 = Release|Any CPU
		{880250BD-2907-48D4-A7F2-2685D73923E5}.Debug|Any CPU.ActiveCfg = Debug|Any CPU
		{880250BD-2907-48D4-A7F2-2685D73923E5}.Debug|Any CPU.Build.0 = Debug|Any CPU
		{880250BD-2907-48D4-A7F2-2685D73923E5}.Release|Any CPU.ActiveCfg = Release|Any CPU
		{880250BD-2907-48D4-A7F2-2685D73923E5}.Release|Any CPU.Build.0 = Release|Any CPU
		{E0EEAEE2-7D80-4AA8-88E3-10B0809350D5}.Debug|Any CPU.ActiveCfg = Debug|Any CPU
		{E0EEAEE2-7D80-4AA8-88E3-10B0809350D5}.Debug|Any CPU.Build.0 = Debug|Any CPU
		{E0EEAEE2-7D80-4AA8-88E3-10B0809350D5}.Release|Any CPU.ActiveCfg = Release|Any CPU
		{E0EEAEE2-7D80-4AA8-88E3-10B0809350D5}.Release|Any CPU.Build.0 = Release|Any CPU
		{29AC611B-EC54-4BDD-8864-31EE78CB545C}.Debug|Any CPU.ActiveCfg = Debug|Any CPU
		{29AC611B-EC54-4BDD-8864-31EE78CB545C}.Debug|Any CPU.Build.0 = Debug|Any CPU
		{29AC611B-EC54-4BDD-8864-31EE78CB545C}.Release|Any CPU.ActiveCfg = Release|Any CPU
		{29AC611B-EC54-4BDD-8864-31EE78CB545C}.Release|Any CPU.Build.0 = Release|Any CPU
	EndGlobalSection
	GlobalSection(SolutionProperties) = preSolution
		HideSolutionNode = FALSE
	EndGlobalSection
	GlobalSection(ExtensibilityGlobals) = postSolution
		SolutionGuid = {FAEADF42-FF36-435D-86AD-77A266C25DAE}
	EndGlobalSection
EndGlobal
